// !$*UTF8*$!
{
	archiveVersion = 1;
	classes = {
	};
	objectVersion = 55;
	objects = {

/* Begin PBXBuildFile section */
		1A48D8FD28E6612F00CB69A2 /* MovieGridViewController.swift in Sources */ = {isa = PBXBuildFile; fileRef = 1A48D8FC28E6612F00CB69A2 /* MovieGridViewController.swift */; };
		1A48D8FF28E6652D00CB69A2 /* MovieGridCell.swift in Sources */ = {isa = PBXBuildFile; fileRef = 1A48D8FE28E6652D00CB69A2 /* MovieGridCell.swift */; };
		1A549DC528DA929E00ABA7CE /* MovieDetailsViewController.swift in Sources */ = {isa = PBXBuildFile; fileRef = 1A549DC428DA929E00ABA7CE /* MovieDetailsViewController.swift */; };
		1A7E032528D156980094D9FB /* MovieCell.m in Sources */ = {isa = PBXBuildFile; fileRef = 1A7E032428D156980094D9FB /* MovieCell.m */; };
		1A7E032728D158F30094D9FB /* TableViewCell.swift in Sources */ = {isa = PBXBuildFile; fileRef = 1A7E032628D158F30094D9FB /* TableViewCell.swift */; };
		1AE05E0B28CABAE800285F15 /* AppDelegate.swift in Sources */ = {isa = PBXBuildFile; fileRef = 1AE05E0A28CABAE800285F15 /* AppDelegate.swift */; };
		1AE05E0D28CABAE800285F15 /* SceneDelegate.swift in Sources */ = {isa = PBXBuildFile; fileRef = 1AE05E0C28CABAE800285F15 /* SceneDelegate.swift */; };
		1AE05E0F28CABAE800285F15 /* ViewController.swift in Sources */ = {isa = PBXBuildFile; fileRef = 1AE05E0E28CABAE800285F15 /* ViewController.swift */; };
		1AE05E1228CABAE800285F15 /* Main.storyboard in Resources */ = {isa = PBXBuildFile; fileRef = 1AE05E1028CABAE800285F15 /* Main.storyboard */; };
		1AE05E1428CABAE900285F15 /* Assets.xcassets in Resources */ = {isa = PBXBuildFile; fileRef = 1AE05E1328CABAE900285F15 /* Assets.xcassets */; };
		1AE05E1728CABAE900285F15 /* LaunchScreen.storyboard in Resources */ = {isa = PBXBuildFile; fileRef = 1AE05E1528CABAE900285F15 /* LaunchScreen.storyboard */; };
		1AE05E2228CABAEA00285F15 /* FlixTests.swift in Sources */ = {isa = PBXBuildFile; fileRef = 1AE05E2128CABAEA00285F15 /* FlixTests.swift */; };
		1AE05E2C28CABAEA00285F15 /* FlixUITests.swift in Sources */ = {isa = PBXBuildFile; fileRef = 1AE05E2B28CABAEA00285F15 /* FlixUITests.swift */; };
		1AE05E2E28CABAEA00285F15 /* FlixUITestsLaunchTests.swift in Sources */ = {isa = PBXBuildFile; fileRef = 1AE05E2D28CABAEA00285F15 /* FlixUITestsLaunchTests.swift */; };
		1AE2BA9F28D3F5D600BE571A /* AlamofireImage in Frameworks */ = {isa = PBXBuildFile; productRef = 1AE2BA9E28D3F5D600BE571A /* AlamofireImage */; };
/* End PBXBuildFile section */

/* Begin PBXContainerItemProxy section */
		1AE05E1E28CABAEA00285F15 /* PBXContainerItemProxy */ = {
			isa = PBXContainerItemProxy;
			containerPortal = 1AE05DFF28CABAE800285F15 /* Project object */;
			proxyType = 1;
			remoteGlobalIDString = 1AE05E0628CABAE800285F15;
			remoteInfo = Flix;
		};
		1AE05E2828CABAEA00285F15 /* PBXContainerItemProxy */ = {
			isa = PBXContainerItemProxy;
			containerPortal = 1AE05DFF28CABAE800285F15 /* Project object */;
			proxyType = 1;
			remoteGlobalIDString = 1AE05E0628CABAE800285F15;
			remoteInfo = Flix;
		};
/* End PBXContainerItemProxy section */

/* Begin PBXFileReference section */
		1A48D8FC28E6612F00CB69A2 /* MovieGridViewController.swift */ = {isa = PBXFileReference; lastKnownFileType = sourcecode.swift; path = MovieGridViewController.swift; sourceTree = "<group>"; };
		1A48D8FE28E6652D00CB69A2 /* MovieGridCell.swift */ = {isa = PBXFileReference; lastKnownFileType = sourcecode.swift; path = MovieGridCell.swift; sourceTree = "<group>"; };
		1A549DC428DA929E00ABA7CE /* MovieDetailsViewController.swift */ = {isa = PBXFileReference; lastKnownFileType = sourcecode.swift; path = MovieDetailsViewController.swift; sourceTree = "<group>"; };
		1A7E032328D156980094D9FB /* MovieCell.h */ = {isa = PBXFileReference; lastKnownFileType = sourcecode.c.h; path = MovieCell.h; sourceTree = "<group>"; };
		1A7E032428D156980094D9FB /* MovieCell.m */ = {isa = PBXFileReference; lastKnownFileType = sourcecode.c.objc; path = MovieCell.m; sourceTree = "<group>"; };
		1A7E032628D158F30094D9FB /* TableViewCell.swift */ = {isa = PBXFileReference; lastKnownFileType = sourcecode.swift; path = TableViewCell.swift; sourceTree = "<group>"; };
		1AE05E0728CABAE800285F15 /* Flix.app */ = {isa = PBXFileReference; explicitFileType = wrapper.application; includeInIndex = 0; path = Flix.app; sourceTree = BUILT_PRODUCTS_DIR; };
		1AE05E0A28CABAE800285F15 /* AppDelegate.swift */ = {isa = PBXFileReference; lastKnownFileType = sourcecode.swift; path = AppDelegate.swift; sourceTree = "<group>"; };
		1AE05E0C28CABAE800285F15 /* SceneDelegate.swift */ = {isa = PBXFileReference; lastKnownFileType = sourcecode.swift; path = SceneDelegate.swift; sourceTree = "<group>"; };
		1AE05E0E28CABAE800285F15 /* ViewController.swift */ = {isa = PBXFileReference; lastKnownFileType = sourcecode.swift; path = ViewController.swift; sourceTree = "<group>"; };
		1AE05E1128CABAE800285F15 /* Base */ = {isa = PBXFileReference; lastKnownFileType = file.storyboard; name = Base; path = Base.lproj/Main.storyboard; sourceTree = "<group>"; };
		1AE05E1328CABAE900285F15 /* Assets.xcassets */ = {isa = PBXFileReference; lastKnownFileType = folder.assetcatalog; path = Assets.xcassets; sourceTree = "<group>"; };
		1AE05E1628CABAE900285F15 /* Base */ = {isa = PBXFileReference; lastKnownFileType = file.storyboard; name = Base; path = Base.lproj/LaunchScreen.storyboard; sourceTree = "<group>"; };
		1AE05E1828CABAE900285F15 /* Info.plist */ = {isa = PBXFileReference; lastKnownFileType = text.plist.xml; path = Info.plist; sourceTree = "<group>"; };
		1AE05E1D28CABAEA00285F15 /* FlixTests.xctest */ = {isa = PBXFileReference; explicitFileType = wrapper.cfbundle; includeInIndex = 0; path = FlixTests.xctest; sourceTree = BUILT_PRODUCTS_DIR; };
		1AE05E2128CABAEA00285F15 /* FlixTests.swift */ = {isa = PBXFileReference; lastKnownFileType = sourcecode.swift; path = FlixTests.swift; sourceTree = "<group>"; };
		1AE05E2728CABAEA00285F15 /* FlixUITests.xctest */ = {isa = PBXFileReference; explicitFileType = wrapper.cfbundle; includeInIndex = 0; path = FlixUITests.xctest; sourceTree = BUILT_PRODUCTS_DIR; };
		1AE05E2B28CABAEA00285F15 /* FlixUITests.swift */ = {isa = PBXFileReference; lastKnownFileType = sourcecode.swift; path = FlixUITests.swift; sourceTree = "<group>"; };
		1AE05E2D28CABAEA00285F15 /* FlixUITestsLaunchTests.swift */ = {isa = PBXFileReference; lastKnownFileType = sourcecode.swift; path = FlixUITestsLaunchTests.swift; sourceTree = "<group>"; };
/* End PBXFileReference section */

/* Begin PBXFrameworksBuildPhase section */
		1AE05E0428CABAE800285F15 /* Frameworks */ = {
			isa = PBXFrameworksBuildPhase;
			buildActionMask = 2147483647;
			files = (
				1AE2BA9F28D3F5D600BE571A /* AlamofireImage in Frameworks */,
			);
			runOnlyForDeploymentPostprocessing = 0;
		};
		1AE05E1A28CABAEA00285F15 /* Frameworks */ = {
			isa = PBXFrameworksBuildPhase;
			buildActionMask = 2147483647;
			files = (
			);
			runOnlyForDeploymentPostprocessing = 0;
		};
		1AE05E2428CABAEA00285F15 /* Frameworks */ = {
			isa = PBXFrameworksBuildPhase;
			buildActionMask = 2147483647;
			files = (
			);
			runOnlyForDeploymentPostprocessing = 0;
		};
/* End PBXFrameworksBuildPhase section */

/* Begin PBXGroup section */
		1AE05DFE28CABAE800285F15 = {
			isa = PBXGroup;
			children = (
				1AE05E0928CABAE800285F15 /* Flix */,
				1AE05E2028CABAEA00285F15 /* FlixTests */,
				1AE05E2A28CABAEA00285F15 /* FlixUITests */,
				1AE05E0828CABAE800285F15 /* Products */,
			);
			sourceTree = "<group>";
		};
		1AE05E0828CABAE800285F15 /* Products */ = {
			isa = PBXGroup;
			children = (
				1AE05E0728CABAE800285F15 /* Flix.app */,
				1AE05E1D28CABAEA00285F15 /* FlixTests.xctest */,
				1AE05E2728CABAEA00285F15 /* FlixUITests.xctest */,
			);
			name = Products;
			sourceTree = "<group>";
		};
		1AE05E0928CABAE800285F15 /* Flix */ = {
			isa = PBXGroup;
			children = (
				1AE05E0A28CABAE800285F15 /* AppDelegate.swift */,
				1AE05E0C28CABAE800285F15 /* SceneDelegate.swift */,
				1AE05E0E28CABAE800285F15 /* ViewController.swift */,
				1A7E032328D156980094D9FB /* MovieCell.h */,
				1A7E032428D156980094D9FB /* MovieCell.m */,
				1AE05E1028CABAE800285F15 /* Main.storyboard */,
				1AE05E1328CABAE900285F15 /* Assets.xcassets */,
				1AE05E1528CABAE900285F15 /* LaunchScreen.storyboard */,
				1AE05E1828CABAE900285F15 /* Info.plist */,
				1A7E032628D158F30094D9FB /* TableViewCell.swift */,
				1A549DC428DA929E00ABA7CE /* MovieDetailsViewController.swift */,
				1A48D8FC28E6612F00CB69A2 /* MovieGridViewController.swift */,
				1A48D8FE28E6652D00CB69A2 /* MovieGridCell.swift */,
			);
			path = Flix;
			sourceTree = "<group>";
		};
		1AE05E2028CABAEA00285F15 /* FlixTests */ = {
			isa = PBXGroup;
			children = (
				1AE05E2128CABAEA00285F15 /* FlixTests.swift */,
			);
			path = FlixTests;
			sourceTree = "<group>";
		};
		1AE05E2A28CABAEA00285F15 /* FlixUITests */ = {
			isa = PBXGroup;
			children = (
				1AE05E2B28CABAEA00285F15 /* FlixUITests.swift */,
				1AE05E2D28CABAEA00285F15 /* FlixUITestsLaunchTests.swift */,
			);
			path = FlixUITests;
			sourceTree = "<group>";
		};
/* End PBXGroup section */

/* Begin PBXNativeTarget section */
		1AE05E0628CABAE800285F15 /* Flix */ = {
			isa = PBXNativeTarget;
			buildConfigurationList = 1AE05E3128CABAEA00285F15 /* Build configuration list for PBXNativeTarget "Flix" */;
			buildPhases = (
				1AE05E0328CABAE800285F15 /* Sources */,
				1AE05E0428CABAE800285F15 /* Frameworks */,
				1AE05E0528CABAE800285F15 /* Resources */,
			);
			buildRules = (
			);
			dependencies = (
			);
			name = Flix;
			packageProductDependencies = (
				1AE2BA9E28D3F5D600BE571A /* AlamofireImage */,
			);
			productName = Flix;
			productReference = 1AE05E0728CABAE800285F15 /* Flix.app */;
			productType = "com.apple.product-type.application";
		};
		1AE05E1C28CABAEA00285F15 /* FlixTests */ = {
			isa = PBXNativeTarget;
			buildConfigurationList = 1AE05E3428CABAEA00285F15 /* Build configuration list for PBXNativeTarget "FlixTests" */;
			buildPhases = (
				1AE05E1928CABAEA00285F15 /* Sources */,
				1AE05E1A28CABAEA00285F15 /* Frameworks */,
				1AE05E1B28CABAEA00285F15 /* Resources */,
			);
			buildRules = (
			);
			dependencies = (
				1AE05E1F28CABAEA00285F15 /* PBXTargetDependency */,
			);
			name = FlixTests;
			productName = FlixTests;
			productReference = 1AE05E1D28CABAEA00285F15 /* FlixTests.xctest */;
			productType = "com.apple.product-type.bundle.unit-test";
		};
		1AE05E2628CABAEA00285F15 /* FlixUITests */ = {
			isa = PBXNativeTarget;
			buildConfigurationList = 1AE05E3728CABAEA00285F15 /* Build configuration list for PBXNativeTarget "FlixUITests" */;
			buildPhases = (
				1AE05E2328CABAEA00285F15 /* Sources */,
				1AE05E2428CABAEA00285F15 /* Frameworks */,
				1AE05E2528CABAEA00285F15 /* Resources */,
			);
			buildRules = (
			);
			dependencies = (
				1AE05E2928CABAEA00285F15 /* PBXTargetDependency */,
			);
			name = FlixUITests;
			productName = FlixUITests;
			productReference = 1AE05E2728CABAEA00285F15 /* FlixUITests.xctest */;
			productType = "com.apple.product-type.bundle.ui-testing";
		};
/* End PBXNativeTarget section */

/* Begin PBXProject section */
		1AE05DFF28CABAE800285F15 /* Project object */ = {
			isa = PBXProject;
			attributes = {
				BuildIndependentTargetsInParallel = 1;
				LastSwiftUpdateCheck = 1340;
				LastUpgradeCheck = 1340;
				TargetAttributes = {
					1AE05E0628CABAE800285F15 = {
						CreatedOnToolsVersion = 13.4.1;
						LastSwiftMigration = 1340;
					};
					1AE05E1C28CABAEA00285F15 = {
						CreatedOnToolsVersion = 13.4.1;
						TestTargetID = 1AE05E0628CABAE800285F15;
					};
					1AE05E2628CABAEA00285F15 = {
						CreatedOnToolsVersion = 13.4.1;
						TestTargetID = 1AE05E0628CABAE800285F15;
					};
				};
			};
			buildConfigurationList = 1AE05E0228CABAE800285F15 /* Build configuration list for PBXProject "Flix" */;
			compatibilityVersion = "Xcode 13.0";
			developmentRegion = en;
			hasScannedForEncodings = 0;
			knownRegions = (
				en,
				Base,
			);
			mainGroup = 1AE05DFE28CABAE800285F15;
			packageReferences = (
				1AE2BA9D28D3F5D600BE571A /* XCRemoteSwiftPackageReference "AlamofireImage" */,
			);
			productRefGroup = 1AE05E0828CABAE800285F15 /* Products */;
			projectDirPath = "";
			projectRoot = "";
			targets = (
				1AE05E0628CABAE800285F15 /* Flix */,
				1AE05E1C28CABAEA00285F15 /* FlixTests */,
				1AE05E2628CABAEA00285F15 /* FlixUITests */,
			);
		};
/* End PBXProject section */

/* Begin PBXResourcesBuildPhase section */
		1AE05E0528CABAE800285F15 /* Resources */ = {
			isa = PBXResourcesBuildPhase;
			buildActionMask = 2147483647;
			files = (
				1AE05E1728CABAE900285F15 /* LaunchScreen.storyboard in Resources */,
				1AE05E1428CABAE900285F15 /* Assets.xcassets in Resources */,
				1AE05E1228CABAE800285F15 /* Main.storyboard in Resources */,
			);
			runOnlyForDeploymentPostprocessing = 0;
		};
		1AE05E1B28CABAEA00285F15 /* Resources */ = {
			isa = PBXResourcesBuildPhase;
			buildActionMask = 2147483647;
			files = (
			);
			runOnlyForDeploymentPostprocessing = 0;
		};
		1AE05E2528CABAEA00285F15 /* Resources */ = {
			isa = PBXResourcesBuildPhase;
			buildActionMask = 2147483647;
			files = (
			);
			runOnlyForDeploymentPostprocessing = 0;
		};
/* End PBXResourcesBuildPhase section */

/* Begin PBXSourcesBuildPhase section */
		1AE05E0328CABAE800285F15 /* Sources */ = {
			isa = PBXSourcesBuildPhase;
			buildActionMask = 2147483647;
			files = (
				1A7E032728D158F30094D9FB /* TableViewCell.swift in Sources */,
				1AE05E0F28CABAE800285F15 /* ViewController.swift in Sources */,
				1A549DC528DA929E00ABA7CE /* MovieDetailsViewController.swift in Sources */,
				1A48D8FD28E6612F00CB69A2 /* MovieGridViewController.swift in Sources */,
				1A48D8FF28E6652D00CB69A2 /* MovieGridCell.swift in Sources */,
				1AE05E0B28CABAE800285F15 /* AppDelegate.swift in Sources */,
				1A7E032528D156980094D9FB /* MovieCell.m in Sources */,
				1AE05E0D28CABAE800285F15 /* SceneDelegate.swift in Sources */,
			);
			runOnlyForDeploymentPostprocessing = 0;
		};
		1AE05E1928CABAEA00285F15 /* Sources */ = {
			isa = PBXSourcesBuildPhase;
			buildActionMask = 2147483647;
			files = (
				1AE05E2228CABAEA00285F15 /* FlixTests.swift in Sources */,
			);
			runOnlyForDeploymentPostprocessing = 0;
		};
		1AE05E2328CABAEA00285F15 /* Sources */ = {
			isa = PBXSourcesBuildPhase;
			buildActionMask = 2147483647;
			files = (
				1AE05E2C28CABAEA00285F15 /* FlixUITests.swift in Sources */,
				1AE05E2E28CABAEA00285F15 /* FlixUITestsLaunchTests.swift in Sources */,
			);
			runOnlyForDeploymentPostprocessing = 0;
		};
/* End PBXSourcesBuildPhase section */

/* Begin PBXTargetDependency section */
		1AE05E1F28CABAEA00285F15 /* PBXTargetDependency */ = {
			isa = PBXTargetDependency;
			target = 1AE05E0628CABAE800285F15 /* Flix */;
			targetProxy = 1AE05E1E28CABAEA00285F15 /* PBXContainerItemProxy */;
		};
		1AE05E2928CABAEA00285F15 /* PBXTargetDependency */ = {
			isa = PBXTargetDependency;
			target = 1AE05E0628CABAE800285F15 /* Flix */;
			targetProxy = 1AE05E2828CABAEA00285F15 /* PBXContainerItemProxy */;
		};
/* End PBXTargetDependency section */

/* Begin PBXVariantGroup section */
		1AE05E1028CABAE800285F15 /* Main.storyboard */ = {
			isa = PBXVariantGroup;
			children = (
				1AE05E1128CABAE800285F15 /* Base */,
			);
			name = Main.storyboard;
			sourceTree = "<group>";
		};
		1AE05E1528CABAE900285F15 /* LaunchScreen.storyboard */ = {
			isa = PBXVariantGroup;
			children = (
				1AE05E1628CABAE900285F15 /* Base */,
			);
			name = LaunchScreen.storyboard;
			sourceTree = "<group>";
		};
/* End PBXVariantGroup section */

/* Begin XCBuildConfiguration section */
		1AE05E2F28CABAEA00285F15 /* Debug */ = {
			isa = XCBuildConfiguration;
			buildSettings = {
				ALWAYS_SEARCH_USER_PATHS = NO;
				CLANG_ANALYZER_NONNULL = YES;
				CLANG_ANALYZER_NUMBER_OBJECT_CONVERSION = YES_AGGRESSIVE;
				CLANG_CXX_LANGUAGE_STANDARD = "gnu++17";
				CLANG_ENABLE_MODULES = YES;
				CLANG_ENABLE_OBJC_ARC = YES;
				CLANG_ENABLE_OBJC_WEAK = YES;
				CLANG_WARN_BLOCK_CAPTURE_AUTORELEASING = YES;
				CLANG_WARN_BOOL_CONVERSION = YES;
				CLANG_WARN_COMMA = YES;
				CLANG_WARN_CONSTANT_CONVERSION = YES;
				CLANG_WARN_DEPRECATED_OBJC_IMPLEMENTATIONS = YES;
				CLANG_WARN_DIRECT_OBJC_ISA_USAGE = YES_ERROR;
				CLANG_WARN_DOCUMENTATION_COMMENTS = YES;
				CLANG_WARN_EMPTY_BODY = YES;
				CLANG_WARN_ENUM_CONVERSION = YES;
				CLANG_WARN_INFINITE_RECURSION = YES;
				CLANG_WARN_INT_CONVERSION = YES;
				CLANG_WARN_NON_LITERAL_NULL_CONVERSION = YES;
				CLANG_WARN_OBJC_IMPLICIT_RETAIN_SELF = YES;
				CLANG_WARN_OBJC_LITERAL_CONVERSION = YES;
				CLANG_WARN_OBJC_ROOT_CLASS = YES_ERROR;
				CLANG_WARN_QUOTED_INCLUDE_IN_FRAMEWORK_HEADER = YES;
				CLANG_WARN_RANGE_LOOP_ANALYSIS = YES;
				CLANG_WARN_STRICT_PROTOTYPES = YES;
				CLANG_WARN_SUSPICIOUS_MOVE = YES;
				CLANG_WARN_UNGUARDED_AVAILABILITY = YES_AGGRESSIVE;
				CLANG_WARN_UNREACHABLE_CODE = YES;
				CLANG_WARN__DUPLICATE_METHOD_MATCH = YES;
				COPY_PHASE_STRIP = NO;
				DEBUG_INFORMATION_FORMAT = dwarf;
				ENABLE_STRICT_OBJC_MSGSEND = YES;
				ENABLE_TESTABILITY = YES;
				GCC_C_LANGUAGE_STANDARD = gnu11;
				GCC_DYNAMIC_NO_PIC = NO;
				GCC_NO_COMMON_BLOCKS = YES;
				GCC_OPTIMIZATION_LEVEL = 0;
				GCC_PREPROCESSOR_DEFINITIONS = (
					"DEBUG=1",
					"$(inherited)",
				);
				GCC_WARN_64_TO_32_BIT_CONVERSION = YES;
				GCC_WARN_ABOUT_RETURN_TYPE = YES_ERROR;
				GCC_WARN_UNDECLARED_SELECTOR = YES;
				GCC_WARN_UNINITIALIZED_AUTOS = YES_AGGRESSIVE;
				GCC_WARN_UNUSED_FUNCTION = YES;
				GCC_WARN_UNUSED_VARIABLE = YES;
				IPHONEOS_DEPLOYMENT_TARGET = 15.5;
				MTL_ENABLE_DEBUG_INFO = INCLUDE_SOURCE;
				MTL_FAST_MATH = YES;
				ONLY_ACTIVE_ARCH = YES;
				SDKROOT = iphoneos;
				SWIFT_ACTIVE_COMPILATION_CONDITIONS = DEBUG;
				SWIFT_OPTIMIZATION_LEVEL = "-Onone";
			};
			name = Debug;
		};
		1AE05E3028CABAEA00285F15 /* Release */ = {
			isa = XCBuildConfiguration;
			buildSettings = {
				ALWAYS_SEARCH_USER_PATHS = NO;
				CLANG_ANALYZER_NONNULL = YES;
				CLANG_ANALYZER_NUMBER_OBJECT_CONVERSION = YES_AGGRESSIVE;
				CLANG_CXX_LANGUAGE_STANDARD = "gnu++17";
				CLANG_ENABLE_MODULES = YES;
				CLANG_ENABLE_OBJC_ARC = YES;
				CLANG_ENABLE_OBJC_WEAK = YES;
				CLANG_WARN_BLOCK_CAPTURE_AUTORELEASING = YES;
				CLANG_WARN_BOOL_CONVERSION = YES;
				CLANG_WARN_COMMA = YES;
				CLANG_WARN_CONSTANT_CONVERSION = YES;
				CLANG_WARN_DEPRECATED_OBJC_IMPLEMENTATIONS = YES;
				CLANG_WARN_DIRECT_OBJC_ISA_USAGE = YES_ERROR;
				CLANG_WARN_DOCUMENTATION_COMMENTS = YES;
				CLANG_WARN_EMPTY_BODY = YES;
				CLANG_WARN_ENUM_CONVERSION = YES;
				CLANG_WARN_INFINITE_RECURSION = YES;
				CLANG_WARN_INT_CONVERSION = YES;
				CLANG_WARN_NON_LITERAL_NULL_CONVERSION = YES;
				CLANG_WARN_OBJC_IMPLICIT_RETAIN_SELF = YES;
				CLANG_WARN_OBJC_LITERAL_CONVERSION = YES;
				CLANG_WARN_OBJC_ROOT_CLASS = YES_ERROR;
				CLANG_WARN_QUOTED_INCLUDE_IN_FRAMEWORK_HEADER = YES;
				CLANG_WARN_RANGE_LOOP_ANALYSIS = YES;
				CLANG_WARN_STRICT_PROTOTYPES = YES;
				CLANG_WARN_SUSPICIOUS_MOVE = YES;
				CLANG_WARN_UNGUARDED_AVAILABILITY = YES_AGGRESSIVE;
				CLANG_WARN_UNREACHABLE_CODE = YES;
				CLANG_WARN__DUPLICATE_METHOD_MATCH = YES;
				COPY_PHASE_STRIP = NO;
				DEBUG_INFORMATION_FORMAT = "dwarf-with-dsym";
				ENABLE_NS_ASSERTIONS = NO;
				ENABLE_STRICT_OBJC_MSGSEND = YES;
				GCC_C_LANGUAGE_STANDARD = gnu11;
				GCC_NO_COMMON_BLOCKS = YES;
				GCC_WARN_64_TO_32_BIT_CONVERSION = YES;
				GCC_WARN_ABOUT_RETURN_TYPE = YES_ERROR;
				GCC_WARN_UNDECLARED_SELECTOR = YES;
				GCC_WARN_UNINITIALIZED_AUTOS = YES_AGGRESSIVE;
				GCC_WARN_UNUSED_FUNCTION = YES;
				GCC_WARN_UNUSED_VARIABLE = YES;
				IPHONEOS_DEPLOYMENT_TARGET = 15.5;
				MTL_ENABLE_DEBUG_INFO = NO;
				MTL_FAST_MATH = YES;
				SDKROOT = iphoneos;
				SWIFT_COMPILATION_MODE = wholemodule;
				SWIFT_OPTIMIZATION_LEVEL = "-O";
				VALIDATE_PRODUCT = YES;
			};
			name = Release;
		};
		1AE05E3228CABAEA00285F15 /* Debug */ = {
			isa = XCBuildConfiguration;
			buildSettings = {
				ASSETCATALOG_COMPILER_APPICON_NAME = AppIcon;
				ASSETCATALOG_COMPILER_GLOBAL_ACCENT_COLOR_NAME = AccentColor;
				CLANG_ENABLE_MODULES = YES;
				CODE_SIGN_STYLE = Automatic;
				CURRENT_PROJECT_VERSION = 1;
				GENERATE_INFOPLIST_FILE = YES;
				INFOPLIST_FILE = Flix/Info.plist;
				INFOPLIST_KEY_UIApplicationSupportsIndirectInputEvents = YES;
				INFOPLIST_KEY_UILaunchStoryboardName = LaunchScreen;
				INFOPLIST_KEY_UIMainStoryboardFile = Main;
				INFOPLIST_KEY_UISupportedInterfaceOrientations_iPad = "UIInterfaceOrientationPortrait UIInterfaceOrientationPortraitUpsideDown UIInterfaceOrientationLandscapeLeft UIInterfaceOrientationLandscapeRight";
				INFOPLIST_KEY_UISupportedInterfaceOrientations_iPhone = "UIInterfaceOrientationPortrait UIInterfaceOrientationLandscapeLeft UIInterfaceOrientationLandscapeRight";
				LD_RUNPATH_SEARCH_PATHS = (
					"$(inherited)",
					"@executable_path/Frameworks",
				);
				MARKETING_VERSION = 1.0;
				PRODUCT_BUNDLE_IDENTIFIER = com.vinayakiyer.Flix;
				PRODUCT_NAME = "$(TARGET_NAME)";
				SWIFT_EMIT_LOC_STRINGS = YES;
				SWIFT_OPTIMIZATION_LEVEL = "-Onone";
				SWIFT_VERSION = 5.0;
				TARGETED_DEVICE_FAMILY = "1,2";
			};
			name = Debug;
		};
		1AE05E3328CABAEA00285F15 /* Release */ = {
			isa = XCBuildConfiguration;
			buildSettings = {
				ASSETCATALOG_COMPILER_APPICON_NAME = AppIcon;
				ASSETCATALOG_COMPILER_GLOBAL_ACCENT_COLOR_NAME = AccentColor;
				CLANG_ENABLE_MODULES = YES;
				CODE_SIGN_STYLE = Automatic;
				CURRENT_PROJECT_VERSION = 1;
				GENERATE_INFOPLIST_FILE = YES;
				INFOPLIST_FILE = Flix/Info.plist;
				INFOPLIST_KEY_UIApplicationSupportsIndirectInputEvents = YES;
				INFOPLIST_KEY_UILaunchStoryboardName = LaunchScreen;
				INFOPLIST_KEY_UIMainStoryboardFile = Main;
				INFOPLIST_KEY_UISupportedInterfaceOrientations_iPad = "UIInterfaceOrientationPortrait UIInterfaceOrientationPortraitUpsideDown UIInterfaceOrientationLandscapeLeft UIInterfaceOrientationLandscapeRight";
				INFOPLIST_KEY_UISupportedInterfaceOrientations_iPhone = "UIInterfaceOrientationPortrait UIInterfaceOrientationLandscapeLeft UIInterfaceOrientationLandscapeRight";
				LD_RUNPATH_SEARCH_PATHS = (
					"$(inherited)",
					"@executable_path/Frameworks",
				);
				MARKETING_VERSION = 1.0;
				PRODUCT_BUNDLE_IDENTIFIER = com.vinayakiyer.Flix;
				PRODUCT_NAME = "$(TARGET_NAME)";
				SWIFT_EMIT_LOC_STRINGS = YES;
				SWIFT_VERSION = 5.0;
				TARGETED_DEVICE_FAMILY = "1,2";
			};
			name = Release;
		};
		1AE05E3528CABAEA00285F15 /* Debug */ = {
			isa = XCBuildConfiguration;
			buildSettings = {
				ALWAYS_EMBED_SWIFT_STANDARD_LIBRARIES = YES;
				BUNDLE_LOADER = "$(TEST_HOST)";
				CODE_SIGN_STYLE = Automatic;
				CURRENT_PROJECT_VERSION = 1;
				GENERATE_INFOPLIST_FILE = YES;
				IPHONEOS_DEPLOYMENT_TARGET = 15.5;
				MARKETING_VERSION = 1.0;
				PRODUCT_BUNDLE_IDENTIFIER = com.vinayakiyer.FlixTests;
				PRODUCT_NAME = "$(TARGET_NAME)";
				SWIFT_EMIT_LOC_STRINGS = NO;
				SWIFT_VERSION = 5.0;
				TARGETED_DEVICE_FAMILY = "1,2";
				TEST_HOST = "$(BUILT_PRODUCTS_DIR)/Flix.app/Flix";
			};
			name = Debug;
		};
		1AE05E3628CABAEA00285F15 /* Release */ = {
			isa = XCBuildConfiguration;
			buildSettings = {
				ALWAYS_EMBED_SWIFT_STANDARD_LIBRARIES = YES;
				BUNDLE_LOADER = "$(TEST_HOST)";
				CODE_SIGN_STYLE = Automatic;
				CURRENT_PROJECT_VERSION = 1;
				GENERATE_INFOPLIST_FILE = YES;
				IPHONEOS_DEPLOYMENT_TARGET = 15.5;
				MARKETING_VERSION = 1.0;
				PRODUCT_BUNDLE_IDENTIFIER = com.vinayakiyer.FlixTests;
				PRODUCT_NAME = "$(TARGET_NAME)";
				SWIFT_EMIT_LOC_STRINGS = NO;
				SWIFT_VERSION = 5.0;
				TARGETED_DEVICE_FAMILY = "1,2";
				TEST_HOST = "$(BUILT_PRODUCTS_DIR)/Flix.app/Flix";
			};
			name = Release;
		};
		1AE05E3828CABAEA00285F15 /* Debug */ = {
			isa = XCBuildConfiguration;
			buildSettings = {
				ALWAYS_EMBED_SWIFT_STANDARD_LIBRARIES = YES;
				CODE_SIGN_STYLE = Automatic;
				CURRENT_PROJECT_VERSION = 1;
				GENERATE_INFOPLIST_FILE = YES;
				MARKETING_VERSION = 1.0;
				PRODUCT_BUNDLE_IDENTIFIER = com.vinayakiyer.FlixUITests;
				PRODUCT_NAME = "$(TARGET_NAME)";
				SWIFT_EMIT_LOC_STRINGS = NO;
				SWIFT_VERSION = 5.0;
				TARGETED_DEVICE_FAMILY = "1,2";
				TEST_TARGET_NAME = Flix;
			};
			name = Debug;
		};
		1AE05E3928CABAEA00285F15 /* Release */ = {
			isa = XCBuildConfiguration;
			buildSettings = {
				ALWAYS_EMBED_SWIFT_STANDARD_LIBRARIES = YES;
				CODE_SIGN_STYLE = Automatic;
				CURRENT_PROJECT_VERSION = 1;
				GENERATE_INFOPLIST_FILE = YES;
				MARKETING_VERSION = 1.0;
				PRODUCT_BUNDLE_IDENTIFIER = com.vinayakiyer.FlixUITests;
				PRODUCT_NAME = "$(TARGET_NAME)";
				SWIFT_EMIT_LOC_STRINGS = NO;
				SWIFT_VERSION = 5.0;
				TARGETED_DEVICE_FAMILY = "1,2";
				TEST_TARGET_NAME = Flix;
			};
			name = Release;
		};
/* End XCBuildConfiguration section */

/* Begin XCConfigurationList section */
		1AE05E0228CABAE800285F15 /* Build configuration list for PBXProject "Flix" */ = {
			isa = XCConfigurationList;
			buildConfigurations = (
				1AE05E2F28CABAEA00285F15 /* Debug */,
				1AE05E3028CABAEA00285F15 /* Release */,
			);
			defaultConfigurationIsVisible = 0;
			defaultConfigurationName = Release;
		};
		1AE05E3128CABAEA00285F15 /* Build configuration list for PBXNativeTarget "Flix" */ = {
			isa = XCConfigurationList;
			buildConfigurations = (
				1AE05E3228CABAEA00285F15 /* Debug */,
				1AE05E3328CABAEA00285F15 /* Release */,
			);
			defaultConfigurationIsVisible = 0;
			defaultConfigurationName = Release;
		};
		1AE05E3428CABAEA00285F15 /* Build configuration list for PBXNativeTarget "FlixTests" */ = {
			isa = XCConfigurationList;
			buildConfigurations = (
				1AE05E3528CABAEA00285F15 /* Debug */,
				1AE05E3628CABAEA00285F15 /* Release */,
			);
			defaultConfigurationIsVisible = 0;
			defaultConfigurationName = Release;
		};
		1AE05E3728CABAEA00285F15 /* Build configuration list for PBXNativeTarget "FlixUITests" */ = {
			isa = XCConfigurationList;
			buildConfigurations = (
				1AE05E3828CABAEA00285F15 /* Debug */,
				1AE05E3928CABAEA00285F15 /* Release */,
			);
			defaultConfigurationIsVisible = 0;
			defaultConfigurationName = Release;
		};
/* End XCConfigurationList section */

/* Begin XCRemoteSwiftPackageReference section */
		1AE2BA9D28D3F5D600BE571A /* XCRemoteSwiftPackageReference "AlamofireImage" */ = {
			isa = XCRemoteSwiftPackageReference;
			repositoryURL = "https://github.com/Alamofire/AlamofireImage";
			requirement = {
				kind = upToNextMajorVersion;
				minimumVersion = 4.0.0;
			};
		};
/* End XCRemoteSwiftPackageReference section */

/* Begin XCSwiftPackageProductDependency section */
		1AE2BA9E28D3F5D600BE571A /* AlamofireImage */ = {
			isa = XCSwiftPackageProductDependency;
			package = 1AE2BA9D28D3F5D600BE571A /* XCRemoteSwiftPackageReference "AlamofireImage" */;
			productName = AlamofireImage;
		};
/* End XCSwiftPackageProductDependency section */
	};
	rootObject = 1AE05DFF28CABAE800285F15 /* Project object */;
}
